{
  "name": "web",
  "lockfileVersion": 3,
  "requires": true,
  "packages": {
    "": {
      "dependencies": {
        "react-email-editor": "^1.7.11"
      }
    },
    "node_modules/react": {
      "version": "19.2.4",
      "resolved": "https://registry.npmjs.org/react/-/react-19.2.4.tgz",
      "integrity": "sha512-9nfp2hYpCwOjAN+8TZFGhtWEwgvWHXqESH8qT89AT/lWklpLON22Lc8pEtnpsZz7VmawabSU0gCjnj8aC0euHQ==",
      "license": "MIT",
      "peer": true,
      "engines": {
        "node": ">=0.10.0"
      }
    },
    "node_modules/react-email-editor": {
      "version": "1.7.11",
      "resolved": "https://registry.npmjs.org/react-email-editor/-/react-email-editor-1.7.11.tgz",
      "integrity": "sha512-AyoKKtMEPhKdqUxFX1hyJMvEO+E5fzk88uNVGHhK1ymhLpcghYLkz1+pXKLcByjR6LHkfEbrCmoYFG8zyripug==",
      "license": "MIT",
      "dependencies": {
        "unlayer-types": "latest"
      },
      "engines": {
        "node": ">=10"
      },
      "peerDependencies": {
        "react": ">=15"
      }
    },
    "node_modules/unlayer-types": {
      "version": "1.394.0",
      "resolved": "https://registry.npmjs.org/unlayer-types/-/unlayer-types-1.394.0.tgz",
      "integrity": "sha512-0y7+/QQ8MxCjPcpWK3rz7pQXsNGQAUGI6JlBKHQBneqOAWeCVET6Ohd5KVgD95Rm8v6ZLRn5TJvjdsRwIWHHUg==",
      "license": "MIT"
    }
  }
}
